
Microsoft Visual Studio Solution File, Format Version 12.00
# Visual Studio Version 16
VisualStudioVersion = 16.0.31205.134
MinimumVisualStudioVersion = 10.0.40219.1
Project("{FAE04EC0-301F-11D3-BF4B-00C04F79EFBC}") = "Monstros SA", "Teste\Monstros SA.csproj", "{73946CE3-266F-4A54-A09E-CD4FC0EEF1F6}"
EndProject
Global
	GlobalSection(SolutionConfigurationPlatforms) = preSolution
		Debug|Any CPU = Debug|Any CPU
		Release|Any CPU = Release|Any CPU
	EndGlobalSection
	GlobalSection(ProjectConfigurationPlatforms) = postSolution
		{73946CE3-266F-4A54-A09E-CD4FC0EEF1F6}.Debug|Any CPU.ActiveCfg = Debug|Any CPU
		{73946CE3-266F-4A54-A09E-CD4FC0EEF1F6}.Debug|Any CPU.Build.0 = Debug|Any CPU
		{73946CE3-266F-4A54-A09E-CD4FC0EEF1F6}.Release|Any CPU.ActiveCfg = Release|Any CPU
		{73946CE3-266F-4A54-A09E-CD4FC0EEF1F6}.Release|Any CPU.Build.0 = Release|Any CPU
	EndGlobalSection
	GlobalSection(SolutionProperties) = preSolution
		HideSolutionNode = FALSE
	EndGlobalSection
	GlobalSection(ExtensibilityGlobals) = postSolution
		SolutionGuid = {D5DDF6CD-2DE6-45A0-A573-18E463FACB43}
	EndGlobalSection
EndGlobal
